{
  "name": "mathcalc-cli",
  "version": "0.2.0",
  "lockfileVersion": 3,
  "requires": true,
  "packages": {
    "": {
      "name": "mathcalc-cli",
      "version": "0.2.0",
      "cpu": [
        "x64"
      ],
      "hasInstallScript": true,
      "license": "MIT",
      "os": [
        "win32",
        "linux"
      ],
      "dependencies": {
        "mathcalc-cli": "file:mathcalc-cli-0.2.0.tgz"
      },
      "bin": {
        "mathcalc": "index.js"
      },
      "engines": {
        "node": ">=12.0.0"
      }
    },
    "node_modules/mathcalc-cli": {
      "version": "0.2.0",
      "resolved": "file:mathcalc-cli-0.2.0.tgz",
      "integrity": "sha512-+wsKU3gocOKGbcAiBTbUu2XGqO7xg0ODHx5cCWwP0eIuJtZi71o6292brDy2cHYJrSL3Z70Enk58wx2jTOeiYg==",
      "cpu": [
        "x64"
      ],
      "hasInstallScript": true,
      "license": "MIT",
      "os": [
        "win32",
        "linux"
      ],
      "dependencies": {
        "mathcalc-cli": "file:mathcalc-cli-0.2.0.tgz"
      },
      "bin": {
        "mathcalc": "index.js"
      },
      "engines": {
        "node": ">=12.0.0"
      }
    }
  }
}
